// !$*UTF8*$!
{
	archiveVersion = 1;
	classes = {
	};
	objectVersion = 56;
	objects = {

/* Begin PBXBuildFile section */
		04D0B2952BD4FAA000EA872D /* MissingStuffApp.swift in Sources */ = {isa = PBXBuildFile; fileRef = 04D0B2942BD4FAA000EA872D /* MissingStuffApp.swift */; };
		04D0B2992BD4FAA100EA872D /* Assets.xcassets in Resources */ = {isa = PBXBuildFile; fileRef = 04D0B2982BD4FAA100EA872D /* Assets.xcassets */; };
		04D0B29C2BD4FAA100EA872D /* Preview Assets.xcassets in Resources */ = {isa = PBXBuildFile; fileRef = 04D0B29B2BD4FAA100EA872D /* Preview Assets.xcassets */; };
		18B487452BDF78B7006598AD /* MainPage.swift in Sources */ = {isa = PBXBuildFile; fileRef = 18B487442BDF78B7006598AD /* MainPage.swift */; };
		18B487472BDF78DD006598AD /* CheckList.swift in Sources */ = {isa = PBXBuildFile; fileRef = 18B487462BDF78DD006598AD /* CheckList.swift */; };
		18B487492BDF791A006598AD /* CreateList.swift in Sources */ = {isa = PBXBuildFile; fileRef = 18B487482BDF791A006598AD /* CreateList.swift */; };
		18B4874B2BDF7963006598AD /* ListModel.swift in Sources */ = {isa = PBXBuildFile; fileRef = 18B4874A2BDF7963006598AD /* ListModel.swift */; };
		29F691642BE78C19008DBE5F /* UpdateList.swift in Sources */ = {isa = PBXBuildFile; fileRef = 29F691632BE78C19008DBE5F /* UpdateList.swift */; };
		29F6916B2BEB59B9008DBE5F /* Localizable.xcstrings in Resources */ = {isa = PBXBuildFile; fileRef = 29F6916A2BEB59B9008DBE5F /* Localizable.xcstrings */; };
/* End PBXBuildFile section */

/* Begin PBXFileReference section */
		04D0B2912BD4FAA000EA872D /* MissingStuff.app */ = {isa = PBXFileReference; explicitFileType = wrapper.application; includeInIndex = 0; path = MissingStuff.app; sourceTree = BUILT_PRODUCTS_DIR; };
		04D0B2942BD4FAA000EA872D /* MissingStuffApp.swift */ = {isa = PBXFileReference; lastKnownFileType = sourcecode.swift; path = MissingStuffApp.swift; sourceTree = "<group>"; };
		04D0B2982BD4FAA100EA872D /* Assets.xcassets */ = {isa = PBXFileReference; lastKnownFileType = folder.assetcatalog; path = Assets.xcassets; sourceTree = "<group>"; };
		04D0B29B2BD4FAA100EA872D /* Preview Assets.xcassets */ = {isa = PBXFileReference; lastKnownFileType = folder.assetcatalog; path = "Preview Assets.xcassets"; sourceTree = "<group>"; };
		18B487442BDF78B7006598AD /* MainPage.swift */ = {isa = PBXFileReference; lastKnownFileType = sourcecode.swift; path = MainPage.swift; sourceTree = "<group>"; };
		18B487462BDF78DD006598AD /* CheckList.swift */ = {isa = PBXFileReference; lastKnownFileType = sourcecode.swift; path = CheckList.swift; sourceTree = "<group>"; };
		18B487482BDF791A006598AD /* CreateList.swift */ = {isa = PBXFileReference; lastKnownFileType = sourcecode.swift; path = CreateList.swift; sourceTree = "<group>"; };
		18B4874A2BDF7963006598AD /* ListModel.swift */ = {isa = PBXFileReference; lastKnownFileType = sourcecode.swift; path = ListModel.swift; sourceTree = "<group>"; };
		29F691632BE78C19008DBE5F /* UpdateList.swift */ = {isa = PBXFileReference; lastKnownFileType = sourcecode.swift; path = UpdateList.swift; sourceTree = "<group>"; };
		29F6916A2BEB59B9008DBE5F /* Localizable.xcstrings */ = {isa = PBXFileReference; lastKnownFileType = text.json.xcstrings; path = Localizable.xcstrings; sourceTree = "<group>"; };
/* End PBXFileReference section */

/* Begin PBXFrameworksBuildPhase section */
		04D0B28E2BD4FAA000EA872D /* Frameworks */ = {
			isa = PBXFrameworksBuildPhase;
			buildActionMask = 2147483647;
			files = (
			);
			runOnlyForDeploymentPostprocessing = 0;
		};
/* End PBXFrameworksBuildPhase section */

/* Begin PBXGroup section */
		04D0B2882BD4FAA000EA872D = {
			isa = PBXGroup;
			children = (
				04D0B2932BD4FAA000EA872D /* MissingStuff */,
				04D0B2922BD4FAA000EA872D /* Products */,
			);
			sourceTree = "<group>";
		};
		04D0B2922BD4FAA000EA872D /* Products */ = {
			isa = PBXGroup;
			children = (
				04D0B2912BD4FAA000EA872D /* MissingStuff.app */,
			);
			name = Products;
			sourceTree = "<group>";
		};
		04D0B2932BD4FAA000EA872D /* MissingStuff */ = {
			isa = PBXGroup;
			children = (
				04D0B2942BD4FAA000EA872D /* MissingStuffApp.swift */,
				18B487442BDF78B7006598AD /* MainPage.swift */,
				18B487462BDF78DD006598AD /* CheckList.swift */,
				29F691632BE78C19008DBE5F /* UpdateList.swift */,
				18B487482BDF791A006598AD /* CreateList.swift */,
				18B4874A2BDF7963006598AD /* ListModel.swift */,
				29F6916A2BEB59B9008DBE5F /* Localizable.xcstrings */,
				04D0B2982BD4FAA100EA872D /* Assets.xcassets */,
				04D0B29A2BD4FAA100EA872D /* Preview Content */,
			);
			path = MissingStuff;
			sourceTree = "<group>";
		};
		04D0B29A2BD4FAA100EA872D /* Preview Content */ = {
			isa = PBXGroup;
			children = (
				04D0B29B2BD4FAA100EA872D /* Preview Assets.xcassets */,
			);
			path = "Preview Content";
			sourceTree = "<group>";
		};
/* End PBXGroup section */

/* Begin PBXNativeTarget section */
		04D0B2902BD4FAA000EA872D /* MissingStuff */ = {
			isa = PBXNativeTarget;
			buildConfigurationList = 04D0B29F2BD4FAA100EA872D /* Build configuration list for PBXNativeTarget "MissingStuff" */;
			buildPhases = (
				04D0B28D2BD4FAA000EA872D /* Sources */,
				04D0B28E2BD4FAA000EA872D /* Frameworks */,
				04D0B28F2BD4FAA000EA872D /* Resources */,
			);
			buildRules = (
			);
			dependencies = (
			);
			name = MissingStuff;
			productName = MissingStuff;
			productReference = 04D0B2912BD4FAA000EA872D /* MissingStuff.app */;
			productType = "com.apple.product-type.application";
		};
/* End PBXNativeTarget section */

/* Begin PBXProject section */
		04D0B2892BD4FAA000EA872D /* Project object */ = {
			isa = PBXProject;
			attributes = {
				BuildIndependentTargetsInParallel = 1;
				LastSwiftUpdateCheck = 1500;
				LastUpgradeCheck = 1500;
				TargetAttributes = {
					04D0B2902BD4FAA000EA872D = {
						CreatedOnToolsVersion = 15.0;
					};
				};
			};
			buildConfigurationList = 04D0B28C2BD4FAA000EA872D /* Build configuration list for PBXProject "MissingStuff" */;
			compatibilityVersion = "Xcode 14.0";
			developmentRegion = en;
			hasScannedForEncodings = 0;
			knownRegions = (
				en,
				Base,
				ar,
			);
			mainGroup = 04D0B2882BD4FAA000EA872D;
			productRefGroup = 04D0B2922BD4FAA000EA872D /* Products */;
			projectDirPath = "";
			projectRoot = "";
			targets = (
				04D0B2902BD4FAA000EA872D /* MissingStuff */,
			);
		};
/* End PBXProject section */

/* Begin PBXResourcesBuildPhase section */
		04D0B28F2BD4FAA000EA872D /* Resources */ = {
			isa = PBXResourcesBuildPhase;
			buildActionMask = 2147483647;
			files = (
				04D0B29C2BD4FAA100EA872D /* Preview Assets.xcassets in Resources */,
				29F6916B2BEB59B9008DBE5F /* Localizable.xcstrings in Resources */,
				04D0B2992BD4FAA100EA872D /* Assets.xcassets in Resources */,
			);
			runOnlyForDeploymentPostprocessing = 0;
		};
/* End PBXResourcesBuildPhase section */

/* Begin PBXSourcesBuildPhase section */
		04D0B28D2BD4FAA000EA872D /* Sources */ = {
			isa = PBXSourcesBuildPhase;
			buildActionMask = 2147483647;
			files = (
				18B487472BDF78DD006598AD /* CheckList.swift in Sources */,
				18B487492BDF791A006598AD /* CreateList.swift in Sources */,
				29F691642BE78C19008DBE5F /* UpdateList.swift in Sources */,
				18B4874B2BDF7963006598AD /* ListModel.swift in Sources */,
				04D0B2952BD4FAA000EA872D /* MissingStuffApp.swift in Sources */,
				18B487452BDF78B7006598AD /* MainPage.swift in Sources */,
			);
			runOnlyForDeploymentPostprocessing = 0;
		};
/* End PBXSourcesBuildPhase section */

/* Begin XCBuildConfiguration section */
		04D0B29D2BD4FAA100EA872D /* Debug */ = {
			isa = XCBuildConfiguration;
			buildSettings = {
				ALWAYS_SEARCH_USER_PATHS = NO;
				ASSETCATALOG_COMPILER_GENERATE_SWIFT_ASSET_SYMBOL_EXTENSIONS = YES;
				CLANG_ANALYZER_NONNULL = YES;
				CLANG_ANALYZER_NUMBER_OBJECT_CONVERSION = YES_AGGRESSIVE;
				CLANG_CXX_LANGUAGE_STANDARD = "gnu++20";
				CLANG_ENABLE_MODULES = YES;
				CLANG_ENABLE_OBJC_ARC = YES;
				CLANG_ENABLE_OBJC_WEAK = YES;
				CLANG_WARN_BLOCK_CAPTURE_AUTORELEASING = YES;
				CLANG_WARN_BOOL_CONVERSION = YES;
				CLANG_WARN_COMMA = YES;
				CLANG_WARN_CONSTANT_CONVERSION = YES;
				CLANG_WARN_DEPRECATED_OBJC_IMPLEMENTATIONS = YES;
				CLANG_WARN_DIRECT_OBJC_ISA_USAGE = YES_ERROR;
				CLANG_WARN_DOCUMENTATION_COMMENTS = YES;
				CLANG_WARN_EMPTY_BODY = YES;
				CLANG_WARN_ENUM_CONVERSION = YES;
				CLANG_WARN_INFINITE_RECURSION = YES;
				CLANG_WARN_INT_CONVERSION = YES;
				CLANG_WARN_NON_LITERAL_NULL_CONVERSION = YES;
				CLANG_WARN_OBJC_IMPLICIT_RETAIN_SELF = YES;
				CLANG_WARN_OBJC_LITERAL_CONVERSION = YES;
				CLANG_WARN_OBJC_ROOT_CLASS = YES_ERROR;
				CLANG_WARN_QUOTED_INCLUDE_IN_FRAMEWORK_HEADER = YES;
				CLANG_WARN_RANGE_LOOP_ANALYSIS = YES;
				CLANG_WARN_STRICT_PROTOTYPES = YES;
				CLANG_WARN_SUSPICIOUS_MOVE = YES;
				CLANG_WARN_UNGUARDED_AVAILABILITY = YES_AGGRESSIVE;
				CLANG_WARN_UNREACHABLE_CODE = YES;
				CLANG_WARN__DUPLICATE_METHOD_MATCH = YES;
				COPY_PHASE_STRIP = NO;
				DEBUG_INFORMATION_FORMAT = dwarf;
				ENABLE_STRICT_OBJC_MSGSEND = YES;
				ENABLE_TESTABILITY = YES;
				ENABLE_USER_SCRIPT_SANDBOXING = YES;
				GCC_C_LANGUAGE_STANDARD = gnu17;
				GCC_DYNAMIC_NO_PIC = NO;
				GCC_NO_COMMON_BLOCKS = YES;
				GCC_OPTIMIZATION_LEVEL = 0;
				GCC_PREPROCESSOR_DEFINITIONS = (
					"DEBUG=1",
					"$(inherited)",
				);
				GCC_WARN_64_TO_32_BIT_CONVERSION = YES;
				GCC_WARN_ABOUT_RETURN_TYPE = YES_ERROR;
				GCC_WARN_UNDECLARED_SELECTOR = YES;
				GCC_WARN_UNINITIALIZED_AUTOS = YES_AGGRESSIVE;
				GCC_WARN_UNUSED_FUNCTION = YES;
				GCC_WARN_UNUSED_VARIABLE = YES;
				IPHONEOS_DEPLOYMENT_TARGET = 17.0;
				LOCALIZATION_PREFERS_STRING_CATALOGS = YES;
				MTL_ENABLE_DEBUG_INFO = INCLUDE_SOURCE;
				MTL_FAST_MATH = YES;
				ONLY_ACTIVE_ARCH = YES;
				SDKROOT = iphoneos;
				SWIFT_ACTIVE_COMPILATION_CONDITIONS = "DEBUG $(inherited)";
				SWIFT_OPTIMIZATION_LEVEL = "-Onone";
			};
			name = Debug;
		};
		04D0B29E2BD4FAA100EA872D /* Release */ = {
			isa = XCBuildConfiguration;
			buildSettings = {
				ALWAYS_SEARCH_USER_PATHS = NO;
				ASSETCATALOG_COMPILER_GENERATE_SWIFT_ASSET_SYMBOL_EXTENSIONS = YES;
				CLANG_ANALYZER_NONNULL = YES;
				CLANG_ANALYZER_NUMBER_OBJECT_CONVERSION = YES_AGGRESSIVE;
				CLANG_CXX_LANGUAGE_STANDARD = "gnu++20";
				CLANG_ENABLE_MODULES = YES;
				CLANG_ENABLE_OBJC_ARC = YES;
				CLANG_ENABLE_OBJC_WEAK = YES;
				CLANG_WARN_BLOCK_CAPTURE_AUTORELEASING = YES;
				CLANG_WARN_BOOL_CONVERSION = YES;
				CLANG_WARN_COMMA = YES;
				CLANG_WARN_CONSTANT_CONVERSION = YES;
				CLANG_WARN_DEPRECATED_OBJC_IMPLEMENTATIONS = YES;
				CLANG_WARN_DIRECT_OBJC_ISA_USAGE = YES_ERROR;
				CLANG_WARN_DOCUMENTATION_COMMENTS = YES;
				CLANG_WARN_EMPTY_BODY = YES;
				CLANG_WARN_ENUM_CONVERSION = YES;
				CLANG_WARN_INFINITE_RECURSION = YES;
				CLANG_WARN_INT_CONVERSION = YES;
				CLANG_WARN_NON_LITERAL_NULL_CONVERSION = YES;
				CLANG_WARN_OBJC_IMPLICIT_RETAIN_SELF = YES;
				CLANG_WARN_OBJC_LITERAL_CONVERSION = YES;
				CLANG_WARN_OBJC_ROOT_CLASS = YES_ERROR;
				CLANG_WARN_QUOTED_INCLUDE_IN_FRAMEWORK_HEADER = YES;
				CLANG_WARN_RANGE_LOOP_ANALYSIS = YES;
				CLANG_WARN_STRICT_PROTOTYPES = YES;
				CLANG_WARN_SUSPICIOUS_MOVE = YES;
				CLANG_WARN_UNGUARDED_AVAILABILITY = YES_AGGRESSIVE;
				CLANG_WARN_UNREACHABLE_CODE = YES;
				CLANG_WARN__DUPLICATE_METHOD_MATCH = YES;
				COPY_PHASE_STRIP = NO;
				DEBUG_INFORMATION_FORMAT = "dwarf-with-dsym";
				ENABLE_NS_ASSERTIONS = NO;
				ENABLE_STRICT_OBJC_MSGSEND = YES;
				ENABLE_USER_SCRIPT_SANDBOXING = YES;
				GCC_C_LANGUAGE_STANDARD = gnu17;
				GCC_NO_COMMON_BLOCKS = YES;
				GCC_WARN_64_TO_32_BIT_CONVERSION = YES;
				GCC_WARN_ABOUT_RETURN_TYPE = YES_ERROR;
				GCC_WARN_UNDECLARED_SELECTOR = YES;
				GCC_WARN_UNINITIALIZED_AUTOS = YES_AGGRESSIVE;
				GCC_WARN_UNUSED_FUNCTION = YES;
				GCC_WARN_UNUSED_VARIABLE = YES;
				IPHONEOS_DEPLOYMENT_TARGET = 17.0;
				LOCALIZATION_PREFERS_STRING_CATALOGS = YES;
				MTL_ENABLE_DEBUG_INFO = NO;
				MTL_FAST_MATH = YES;
				SDKROOT = iphoneos;
				SWIFT_COMPILATION_MODE = wholemodule;
				VALIDATE_PRODUCT = YES;
			};
			name = Release;
		};
		04D0B2A02BD4FAA100EA872D /* Debug */ = {
			isa = XCBuildConfiguration;
			buildSettings = {
				ASSETCATALOG_COMPILER_APPICON_NAME = AppIcon;
				ASSETCATALOG_COMPILER_GLOBAL_ACCENT_COLOR_NAME = AccentColor;
				CODE_SIGN_STYLE = Automatic;
				CURRENT_PROJECT_VERSION = 1;
				DEVELOPMENT_ASSET_PATHS = "\"MissingStuff/Preview Content\"";
				DEVELOPMENT_TEAM = 9DMXZ34C7Y;
				ENABLE_PREVIEWS = YES;
				GENERATE_INFOPLIST_FILE = YES;
				INFOPLIST_KEY_UIApplicationSceneManifest_Generation = YES;
				INFOPLIST_KEY_UIApplicationSupportsIndirectInputEvents = YES;
				INFOPLIST_KEY_UILaunchScreen_Generation = YES;
				INFOPLIST_KEY_UISupportedInterfaceOrientations_iPad = "UIInterfaceOrientationPortrait UIInterfaceOrientationPortraitUpsideDown UIInterfaceOrientationLandscapeLeft UIInterfaceOrientationLandscapeRight";
				INFOPLIST_KEY_UISupportedInterfaceOrientations_iPhone = "UIInterfaceOrientationPortrait UIInterfaceOrientationLandscapeLeft UIInterfaceOrientationLandscapeRight";
				LD_RUNPATH_SEARCH_PATHS = (
					"$(inherited)",
					"@executable_path/Frameworks",
				);
				MARKETING_VERSION = 1.0;
				PRODUCT_BUNDLE_IDENTIFIER = w.MissingStuff;
				PRODUCT_NAME = "$(TARGET_NAME)";
				SWIFT_EMIT_LOC_STRINGS = YES;
				SWIFT_VERSION = 5.0;
				TARGETED_DEVICE_FAMILY = "1,2";
			};
			name = Debug;
		};
		04D0B2A12BD4FAA100EA872D /* Release */ = {
			isa = XCBuildConfiguration;
			buildSettings = {
				ASSETCATALOG_COMPILER_APPICON_NAME = AppIcon;
				ASSETCATALOG_COMPILER_GLOBAL_ACCENT_COLOR_NAME = AccentColor;
				CODE_SIGN_STYLE = Automatic;
				CURRENT_PROJECT_VERSION = 1;
				DEVELOPMENT_ASSET_PATHS = "\"MissingStuff/Preview Content\"";
				DEVELOPMENT_TEAM = 9DMXZ34C7Y;
				ENABLE_PREVIEWS = YES;
				GENERATE_INFOPLIST_FILE = YES;
				INFOPLIST_KEY_UIApplicationSceneManifest_Generation = YES;
				INFOPLIST_KEY_UIApplicationSupportsIndirectInputEvents = YES;
				INFOPLIST_KEY_UILaunchScreen_Generation = YES;
				INFOPLIST_KEY_UISupportedInterfaceOrientations_iPad = "UIInterfaceOrientationPortrait UIInterfaceOrientationPortraitUpsideDown UIInterfaceOrientationLandscapeLeft UIInterfaceOrientationLandscapeRight";
				INFOPLIST_KEY_UISupportedInterfaceOrientations_iPhone = "UIInterfaceOrientationPortrait UIInterfaceOrientationLandscapeLeft UIInterfaceOrientationLandscapeRight";
				LD_RUNPATH_SEARCH_PATHS = (
					"$(inherited)",
					"@executable_path/Frameworks",
				);
				MARKETING_VERSION = 1.0;
				PRODUCT_BUNDLE_IDENTIFIER = w.MissingStuff;
				PRODUCT_NAME = "$(TARGET_NAME)";
				SWIFT_EMIT_LOC_STRINGS = YES;
				SWIFT_VERSION = 5.0;
				TARGETED_DEVICE_FAMILY = "1,2";
			};
			name = Release;
		};
/* End XCBuildConfiguration section */

/* Begin XCConfigurationList section */
		04D0B28C2BD4FAA000EA872D /* Build configuration list for PBXProject "MissingStuff" */ = {
			isa = XCConfigurationList;
			buildConfigurations = (
				04D0B29D2BD4FAA100EA872D /* Debug */,
				04D0B29E2BD4FAA100EA872D /* Release */,
			);
			defaultConfigurationIsVisible = 0;
			defaultConfigurationName = Release;
		};
		04D0B29F2BD4FAA100EA872D /* Build configuration list for PBXNativeTarget "MissingStuff" */ = {
			isa = XCConfigurationList;
			buildConfigurations = (
				04D0B2A02BD4FAA100EA872D /* Debug */,
				04D0B2A12BD4FAA100EA872D /* Release */,
			);
			defaultConfigurationIsVisible = 0;
			defaultConfigurationName = Release;
		};
/* End XCConfigurationList section */
	};
	rootObject = 04D0B2892BD4FAA000EA872D /* Project object */;
}
