// !$*UTF8*$!
{
	archiveVersion = 1;
	classes = {
	};
	objectVersion = 56;
	objects = {

/* Begin PBXBuildFile section */
		04D0B2952BD4FAA000EA872D /* MissingStuffApp.swift in Sources */ = {isa = PBXBuildFile; fileRef = 04D0B2942BD4FAA000EA872D /* MissingStuffApp.swift */; };
		04D0B2992BD4FAA100EA872D /* Assets.xcassets in Resources */ = {isa = PBXBuildFile; fileRef = 04D0B2982BD4FAA100EA872D /* Assets.xcassets */; };
		04D0B29C2BD4FAA100EA872D /* Preview Assets.xcassets in Resources */ = {isa = PBXBuildFile; fileRef = 04D0B29B2BD4FAA100EA872D /* Preview Assets.xcassets */; };
		04D1FF322BF4FBD2004E4C1D /* OnBoardingModel.swift in Sources */ = {isa = PBXBuildFile; fileRef = 04D1FF312BF4FBD2004E4C1D /* OnBoardingModel.swift */; };
		04D1FF332BF4FBE3004E4C1D /* OnBoardingModel.swift in Sources */ = {isa = PBXBuildFile; fileRef = 04D1FF312BF4FBD2004E4C1D /* OnBoardingModel.swift */; };
		04D1FF352BF4FC3C004E4C1D /* OnBoardingPage.swift in Sources */ = {isa = PBXBuildFile; fileRef = 04D1FF342BF4FC3C004E4C1D /* OnBoardingPage.swift */; };
		04D1FF372BF4FCB7004E4C1D /* OnBoardingView.swift in Sources */ = {isa = PBXBuildFile; fileRef = 04D1FF362BF4FCB7004E4C1D /* OnBoardingView.swift */; };
		04D1FF382BF50DCF004E4C1D /* MainPage.swift in Sources */ = {isa = PBXBuildFile; fileRef = 18B487442BDF78B7006598AD /* MainPage.swift */; };
		04D8A7592BF4B9B70082F4CD /* ContentView.swift in Sources */ = {isa = PBXBuildFile; fileRef = 04D8A7582BF4B9B70082F4CD /* ContentView.swift */; };
		04D8A75A2BF4BC430082F4CD /* Assets.xcassets in Resources */ = {isa = PBXBuildFile; fileRef = 04D0B2982BD4FAA100EA872D /* Assets.xcassets */; };
		180213982BEFFA91009CB2DE /* SoundViewModel.swift in Sources */ = {isa = PBXBuildFile; fileRef = 180213972BEFFA91009CB2DE /* SoundViewModel.swift */; };
		18326F622BED081200EB5C37 /* MapViewModel.swift in Sources */ = {isa = PBXBuildFile; fileRef = 18326F612BED081200EB5C37 /* MapViewModel.swift */; };
		18326F642BED0AAD00EB5C37 /* LocationViewModel.swift in Sources */ = {isa = PBXBuildFile; fileRef = 18326F632BED0AAD00EB5C37 /* LocationViewModel.swift */; };
		18326F662BED0AE700EB5C37 /* LocationTracker.swift in Sources */ = {isa = PBXBuildFile; fileRef = 18326F652BED0AE700EB5C37 /* LocationTracker.swift */; };
		18326F6B2BED0C7E00EB5C37 /* UserNotifications.framework in Frameworks */ = {isa = PBXBuildFile; fileRef = 18326F6A2BED0C7E00EB5C37 /* UserNotifications.framework */; };
		18486B562BF1168900304E08 /* CheckA.wav in Resources */ = {isa = PBXBuildFile; fileRef = 18486B552BF1168900304E08 /* CheckA.wav */; };
		189523B22BF3F3D700579D82 /* WidgetKit.framework in Frameworks */ = {isa = PBXBuildFile; fileRef = 189523962BF33A4800579D82 /* WidgetKit.framework */; };
		189523B32BF3F3D700579D82 /* SwiftUI.framework in Frameworks */ = {isa = PBXBuildFile; fileRef = 189523982BF33A4800579D82 /* SwiftUI.framework */; };
		189523B62BF3F3D700579D82 /* ListWidjetBundle.swift in Sources */ = {isa = PBXBuildFile; fileRef = 189523B52BF3F3D700579D82 /* ListWidjetBundle.swift */; };
		189523B82BF3F3D700579D82 /* ListWidjetLiveActivity.swift in Sources */ = {isa = PBXBuildFile; fileRef = 189523B72BF3F3D700579D82 /* ListWidjetLiveActivity.swift */; };
		189523BA2BF3F3D700579D82 /* ListWidjet.swift in Sources */ = {isa = PBXBuildFile; fileRef = 189523B92BF3F3D700579D82 /* ListWidjet.swift */; };
		189523BC2BF3F3D700579D82 /* AppIntent.swift in Sources */ = {isa = PBXBuildFile; fileRef = 189523BB2BF3F3D700579D82 /* AppIntent.swift */; };
		189523BE2BF3F3D800579D82 /* Assets.xcassets in Resources */ = {isa = PBXBuildFile; fileRef = 189523BD2BF3F3D800579D82 /* Assets.xcassets */; };
		189523C22BF3F3D800579D82 /* ListWidjetExtension.appex in Embed Foundation Extensions */ = {isa = PBXBuildFile; fileRef = 189523B12BF3F3D700579D82 /* ListWidjetExtension.appex */; settings = {ATTRIBUTES = (RemoveHeadersOnCopy, ); }; };
		189523C72BF3F94D00579D82 /* widgetExaple.swift in Sources */ = {isa = PBXBuildFile; fileRef = 189523C62BF3F94D00579D82 /* widgetExaple.swift */; };
		189523C92BF40A0C00579D82 /* ListModel.swift in Sources */ = {isa = PBXBuildFile; fileRef = 18B4874A2BDF7963006598AD /* ListModel.swift */; };
		189523CC2BF40B4800579D82 /* Localizable.xcstrings in Resources */ = {isa = PBXBuildFile; fileRef = 29F6916A2BEB59B9008DBE5F /* Localizable.xcstrings */; };
		189523CE2BF40B4F00579D82 /* CheckE.wav in Resources */ = {isa = PBXBuildFile; fileRef = 18F61D3D2BF0C42700C52699 /* CheckE.wav */; };
		189523CF2BF40B5200579D82 /* CheckA.wav in Resources */ = {isa = PBXBuildFile; fileRef = 18486B552BF1168900304E08 /* CheckA.wav */; };
		189523D02BF40B6400579D82 /* LocationViewModel.swift in Sources */ = {isa = PBXBuildFile; fileRef = 18326F632BED0AAD00EB5C37 /* LocationViewModel.swift */; };
		189523D12BF40B6800579D82 /* MapViewModel.swift in Sources */ = {isa = PBXBuildFile; fileRef = 18326F612BED081200EB5C37 /* MapViewModel.swift */; };
		189523D22BF40B6F00579D82 /* CheckList.swift in Sources */ = {isa = PBXBuildFile; fileRef = 18B487462BDF78DD006598AD /* CheckList.swift */; };
		189523D42BF40B7500579D82 /* CreateList.swift in Sources */ = {isa = PBXBuildFile; fileRef = 18B487482BDF791A006598AD /* CreateList.swift */; };
		189523D52BF40B7900579D82 /* UpdateList.swift in Sources */ = {isa = PBXBuildFile; fileRef = 29F691632BE78C19008DBE5F /* UpdateList.swift */; };
		18B487452BDF78B7006598AD /* MainPage.swift in Sources */ = {isa = PBXBuildFile; fileRef = 18B487442BDF78B7006598AD /* MainPage.swift */; };
		18B487472BDF78DD006598AD /* CheckList.swift in Sources */ = {isa = PBXBuildFile; fileRef = 18B487462BDF78DD006598AD /* CheckList.swift */; };
		18B487492BDF791A006598AD /* CreateList.swift in Sources */ = {isa = PBXBuildFile; fileRef = 18B487482BDF791A006598AD /* CreateList.swift */; };
		18B4874B2BDF7963006598AD /* ListModel.swift in Sources */ = {isa = PBXBuildFile; fileRef = 18B4874A2BDF7963006598AD /* ListModel.swift */; };
		18F61D3E2BF0C42700C52699 /* CheckE.wav in Resources */ = {isa = PBXBuildFile; fileRef = 18F61D3D2BF0C42700C52699 /* CheckE.wav */; };
		29F691642BE78C19008DBE5F /* UpdateList.swift in Sources */ = {isa = PBXBuildFile; fileRef = 29F691632BE78C19008DBE5F /* UpdateList.swift */; };
		29F6916B2BEB59B9008DBE5F /* Localizable.xcstrings in Resources */ = {isa = PBXBuildFile; fileRef = 29F6916A2BEB59B9008DBE5F /* Localizable.xcstrings */; };
/* End PBXBuildFile section */

/* Begin PBXContainerItemProxy section */
		189523C02BF3F3D800579D82 /* PBXContainerItemProxy */ = {
			isa = PBXContainerItemProxy;
			containerPortal = 04D0B2892BD4FAA000EA872D /* Project object */;
			proxyType = 1;
			remoteGlobalIDString = 189523B02BF3F3D700579D82;
			remoteInfo = ListWidjetExtension;
		};
/* End PBXContainerItemProxy section */

/* Begin PBXCopyFilesBuildPhase section */
		189523AC2BF33A4900579D82 /* Embed Foundation Extensions */ = {
			isa = PBXCopyFilesBuildPhase;
			buildActionMask = 2147483647;
			dstPath = "";
			dstSubfolderSpec = 13;
			files = (
				189523C22BF3F3D800579D82 /* ListWidjetExtension.appex in Embed Foundation Extensions */,
			);
			name = "Embed Foundation Extensions";
			runOnlyForDeploymentPostprocessing = 0;
		};
/* End PBXCopyFilesBuildPhase section */

/* Begin PBXFileReference section */
		04D0B2912BD4FAA000EA872D /* MissingStuff.app */ = {isa = PBXFileReference; explicitFileType = wrapper.application; includeInIndex = 0; path = MissingStuff.app; sourceTree = BUILT_PRODUCTS_DIR; };
		04D0B2942BD4FAA000EA872D /* MissingStuffApp.swift */ = {isa = PBXFileReference; lastKnownFileType = sourcecode.swift; path = MissingStuffApp.swift; sourceTree = "<group>"; };
		04D0B2982BD4FAA100EA872D /* Assets.xcassets */ = {isa = PBXFileReference; lastKnownFileType = folder.assetcatalog; path = Assets.xcassets; sourceTree = "<group>"; };
		04D0B29B2BD4FAA100EA872D /* Preview Assets.xcassets */ = {isa = PBXFileReference; lastKnownFileType = folder.assetcatalog; path = "Preview Assets.xcassets"; sourceTree = "<group>"; };
		04D1FF312BF4FBD2004E4C1D /* OnBoardingModel.swift */ = {isa = PBXFileReference; lastKnownFileType = sourcecode.swift; path = OnBoardingModel.swift; sourceTree = "<group>"; };
		04D1FF342BF4FC3C004E4C1D /* OnBoardingPage.swift */ = {isa = PBXFileReference; lastKnownFileType = sourcecode.swift; path = OnBoardingPage.swift; sourceTree = "<group>"; };
		04D1FF362BF4FCB7004E4C1D /* OnBoardingView.swift */ = {isa = PBXFileReference; lastKnownFileType = sourcecode.swift; path = OnBoardingView.swift; sourceTree = "<group>"; };
		04D8A7582BF4B9B70082F4CD /* ContentView.swift */ = {isa = PBXFileReference; lastKnownFileType = sourcecode.swift; path = ContentView.swift; sourceTree = "<group>"; };
		180213972BEFFA91009CB2DE /* SoundViewModel.swift */ = {isa = PBXFileReference; lastKnownFileType = sourcecode.swift; path = SoundViewModel.swift; sourceTree = "<group>"; };
		18326F612BED081200EB5C37 /* MapViewModel.swift */ = {isa = PBXFileReference; lastKnownFileType = sourcecode.swift; path = MapViewModel.swift; sourceTree = "<group>"; };
		18326F632BED0AAD00EB5C37 /* LocationViewModel.swift */ = {isa = PBXFileReference; lastKnownFileType = sourcecode.swift; path = LocationViewModel.swift; sourceTree = "<group>"; };
		18326F652BED0AE700EB5C37 /* LocationTracker.swift */ = {isa = PBXFileReference; lastKnownFileType = sourcecode.swift; path = LocationTracker.swift; sourceTree = "<group>"; };
		18326F672BED0C1300EB5C37 /* Info.plist */ = {isa = PBXFileReference; lastKnownFileType = text.plist; path = Info.plist; sourceTree = "<group>"; };
		18326F682BED0C4D00EB5C37 /* MissingStuff.entitlements */ = {isa = PBXFileReference; lastKnownFileType = text.plist.entitlements; path = MissingStuff.entitlements; sourceTree = "<group>"; };
		18326F6A2BED0C7E00EB5C37 /* UserNotifications.framework */ = {isa = PBXFileReference; lastKnownFileType = wrapper.framework; name = UserNotifications.framework; path = System/Library/Frameworks/UserNotifications.framework; sourceTree = SDKROOT; };
		18486B552BF1168900304E08 /* CheckA.wav */ = {isa = PBXFileReference; lastKnownFileType = audio.wav; path = CheckA.wav; sourceTree = "<group>"; };
		189523962BF33A4800579D82 /* WidgetKit.framework */ = {isa = PBXFileReference; lastKnownFileType = wrapper.framework; name = WidgetKit.framework; path = System/Library/Frameworks/WidgetKit.framework; sourceTree = SDKROOT; };
		189523982BF33A4800579D82 /* SwiftUI.framework */ = {isa = PBXFileReference; lastKnownFileType = wrapper.framework; name = SwiftUI.framework; path = System/Library/Frameworks/SwiftUI.framework; sourceTree = SDKROOT; };
		189523B12BF3F3D700579D82 /* ListWidjetExtension.appex */ = {isa = PBXFileReference; explicitFileType = "wrapper.app-extension"; includeInIndex = 0; path = ListWidjetExtension.appex; sourceTree = BUILT_PRODUCTS_DIR; };
		189523B52BF3F3D700579D82 /* ListWidjetBundle.swift */ = {isa = PBXFileReference; lastKnownFileType = sourcecode.swift; path = ListWidjetBundle.swift; sourceTree = "<group>"; };
		189523B72BF3F3D700579D82 /* ListWidjetLiveActivity.swift */ = {isa = PBXFileReference; lastKnownFileType = sourcecode.swift; path = ListWidjetLiveActivity.swift; sourceTree = "<group>"; };
		189523B92BF3F3D700579D82 /* ListWidjet.swift */ = {isa = PBXFileReference; lastKnownFileType = sourcecode.swift; path = ListWidjet.swift; sourceTree = "<group>"; };
		189523BB2BF3F3D700579D82 /* AppIntent.swift */ = {isa = PBXFileReference; lastKnownFileType = sourcecode.swift; path = AppIntent.swift; sourceTree = "<group>"; };
		189523BD2BF3F3D800579D82 /* Assets.xcassets */ = {isa = PBXFileReference; lastKnownFileType = folder.assetcatalog; path = Assets.xcassets; sourceTree = "<group>"; };
		189523BF2BF3F3D800579D82 /* Info.plist */ = {isa = PBXFileReference; lastKnownFileType = text.plist.xml; path = Info.plist; sourceTree = "<group>"; };
		189523C62BF3F94D00579D82 /* widgetExaple.swift */ = {isa = PBXFileReference; lastKnownFileType = sourcecode.swift; path = widgetExaple.swift; sourceTree = "<group>"; };
		189523C82BF4035500579D82 /* ListWidjetExtension.entitlements */ = {isa = PBXFileReference; lastKnownFileType = text.plist.entitlements; path = ListWidjetExtension.entitlements; sourceTree = "<group>"; };
		18B487442BDF78B7006598AD /* MainPage.swift */ = {isa = PBXFileReference; lastKnownFileType = sourcecode.swift; path = MainPage.swift; sourceTree = "<group>"; };
		18B487462BDF78DD006598AD /* CheckList.swift */ = {isa = PBXFileReference; lastKnownFileType = sourcecode.swift; path = CheckList.swift; sourceTree = "<group>"; };
		18B487482BDF791A006598AD /* CreateList.swift */ = {isa = PBXFileReference; lastKnownFileType = sourcecode.swift; path = CreateList.swift; sourceTree = "<group>"; };
		18B4874A2BDF7963006598AD /* ListModel.swift */ = {isa = PBXFileReference; lastKnownFileType = sourcecode.swift; path = ListModel.swift; sourceTree = "<group>"; };
		18F61D3D2BF0C42700C52699 /* CheckE.wav */ = {isa = PBXFileReference; lastKnownFileType = audio.wav; path = CheckE.wav; sourceTree = "<group>"; };
		29F691632BE78C19008DBE5F /* UpdateList.swift */ = {isa = PBXFileReference; lastKnownFileType = sourcecode.swift; path = UpdateList.swift; sourceTree = "<group>"; };
		29F6916A2BEB59B9008DBE5F /* Localizable.xcstrings */ = {isa = PBXFileReference; lastKnownFileType = text.json.xcstrings; path = Localizable.xcstrings; sourceTree = "<group>"; };
/* End PBXFileReference section */

/* Begin PBXFrameworksBuildPhase section */
		04D0B28E2BD4FAA000EA872D /* Frameworks */ = {
			isa = PBXFrameworksBuildPhase;
			buildActionMask = 2147483647;
			files = (
				18326F6B2BED0C7E00EB5C37 /* UserNotifications.framework in Frameworks */,
			);
			runOnlyForDeploymentPostprocessing = 0;
		};
		189523AE2BF3F3D700579D82 /* Frameworks */ = {
			isa = PBXFrameworksBuildPhase;
			buildActionMask = 2147483647;
			files = (
				189523B32BF3F3D700579D82 /* SwiftUI.framework in Frameworks */,
				189523B22BF3F3D700579D82 /* WidgetKit.framework in Frameworks */,
			);
			runOnlyForDeploymentPostprocessing = 0;
		};
/* End PBXFrameworksBuildPhase section */

/* Begin PBXGroup section */
		04D0B2882BD4FAA000EA872D = {
			isa = PBXGroup;
			children = (
				189523C82BF4035500579D82 /* ListWidjetExtension.entitlements */,
				04D0B2932BD4FAA000EA872D /* MissingStuff */,
				189523B42BF3F3D700579D82 /* ListWidjet */,
				04D0B2922BD4FAA000EA872D /* Products */,
				18326F692BED0C7E00EB5C37 /* Frameworks */,
			);
			sourceTree = "<group>";
		};
		04D0B2922BD4FAA000EA872D /* Products */ = {
			isa = PBXGroup;
			children = (
				04D0B2912BD4FAA000EA872D /* MissingStuff.app */,
				189523B12BF3F3D700579D82 /* ListWidjetExtension.appex */,
			);
			name = Products;
			sourceTree = "<group>";
		};
		04D0B2932BD4FAA000EA872D /* MissingStuff */ = {
			isa = PBXGroup;
			children = (
				18326F682BED0C4D00EB5C37 /* MissingStuff.entitlements */,
				18326F672BED0C1300EB5C37 /* Info.plist */,
				18326F602BED060B00EB5C37 /* ViewModel */,
				18326F5F2BED05FF00EB5C37 /* Model */,
				18326F5E2BED05F200EB5C37 /* View */,
				04D0B2942BD4FAA000EA872D /* MissingStuffApp.swift */,
				29F6916A2BEB59B9008DBE5F /* Localizable.xcstrings */,
				04D0B2982BD4FAA100EA872D /* Assets.xcassets */,
				18F61D3D2BF0C42700C52699 /* CheckE.wav */,
				18486B552BF1168900304E08 /* CheckA.wav */,
				04D0B29A2BD4FAA100EA872D /* Preview Content */,
			);
			path = MissingStuff;
			sourceTree = "<group>";
		};
		04D0B29A2BD4FAA100EA872D /* Preview Content */ = {
			isa = PBXGroup;
			children = (
				04D0B29B2BD4FAA100EA872D /* Preview Assets.xcassets */,
			);
			path = "Preview Content";
			sourceTree = "<group>";
		};
		18326F5E2BED05F200EB5C37 /* View */ = {
			isa = PBXGroup;
			children = (
				18326F652BED0AE700EB5C37 /* LocationTracker.swift */,
				18B487462BDF78DD006598AD /* CheckList.swift */,
				18B487442BDF78B7006598AD /* MainPage.swift */,
				04D8A7582BF4B9B70082F4CD /* ContentView.swift */,
				18B487482BDF791A006598AD /* CreateList.swift */,
				29F691632BE78C19008DBE5F /* UpdateList.swift */,
				04D1FF362BF4FCB7004E4C1D /* OnBoardingView.swift */,
			);
			path = View;
			sourceTree = "<group>";
		};
		18326F5F2BED05FF00EB5C37 /* Model */ = {
			isa = PBXGroup;
			children = (
				18B4874A2BDF7963006598AD /* ListModel.swift */,
				04D1FF312BF4FBD2004E4C1D /* OnBoardingModel.swift */,
			);
			path = Model;
			sourceTree = "<group>";
		};
		18326F602BED060B00EB5C37 /* ViewModel */ = {
			isa = PBXGroup;
			children = (
				18326F632BED0AAD00EB5C37 /* LocationViewModel.swift */,
				180213972BEFFA91009CB2DE /* SoundViewModel.swift */,
				18326F612BED081200EB5C37 /* MapViewModel.swift */,
				04D1FF342BF4FC3C004E4C1D /* OnBoardingPage.swift */,
			);
			path = ViewModel;
			sourceTree = "<group>";
		};
		18326F692BED0C7E00EB5C37 /* Frameworks */ = {
			isa = PBXGroup;
			children = (
				18326F6A2BED0C7E00EB5C37 /* UserNotifications.framework */,
				189523962BF33A4800579D82 /* WidgetKit.framework */,
				189523982BF33A4800579D82 /* SwiftUI.framework */,
			);
			name = Frameworks;
			sourceTree = "<group>";
		};
		189523B42BF3F3D700579D82 /* ListWidjet */ = {
			isa = PBXGroup;
			children = (
				189523B52BF3F3D700579D82 /* ListWidjetBundle.swift */,
				189523B72BF3F3D700579D82 /* ListWidjetLiveActivity.swift */,
				189523B92BF3F3D700579D82 /* ListWidjet.swift */,
				189523C62BF3F94D00579D82 /* widgetExaple.swift */,
				189523BB2BF3F3D700579D82 /* AppIntent.swift */,
				189523BD2BF3F3D800579D82 /* Assets.xcassets */,
				189523BF2BF3F3D800579D82 /* Info.plist */,
			);
			path = ListWidjet;
			sourceTree = "<group>";
		};
/* End PBXGroup section */

/* Begin PBXNativeTarget section */
		04D0B2902BD4FAA000EA872D /* MissingStuff */ = {
			isa = PBXNativeTarget;
			buildConfigurationList = 04D0B29F2BD4FAA100EA872D /* Build configuration list for PBXNativeTarget "MissingStuff" */;
			buildPhases = (
				04D0B28D2BD4FAA000EA872D /* Sources */,
				04D0B28E2BD4FAA000EA872D /* Frameworks */,
				04D0B28F2BD4FAA000EA872D /* Resources */,
				189523AC2BF33A4900579D82 /* Embed Foundation Extensions */,
			);
			buildRules = (
			);
			dependencies = (
				189523C12BF3F3D800579D82 /* PBXTargetDependency */,
			);
			name = MissingStuff;
			packageProductDependencies = (
			);
			productName = MissingStuff;
			productReference = 04D0B2912BD4FAA000EA872D /* MissingStuff.app */;
			productType = "com.apple.product-type.application";
		};
		189523B02BF3F3D700579D82 /* ListWidjetExtension */ = {
			isa = PBXNativeTarget;
			buildConfigurationList = 189523C32BF3F3D800579D82 /* Build configuration list for PBXNativeTarget "ListWidjetExtension" */;
			buildPhases = (
				189523AD2BF3F3D700579D82 /* Sources */,
				189523AE2BF3F3D700579D82 /* Frameworks */,
				189523AF2BF3F3D700579D82 /* Resources */,
			);
			buildRules = (
			);
			dependencies = (
			);
			name = ListWidjetExtension;
			productName = ListWidjetExtension;
			productReference = 189523B12BF3F3D700579D82 /* ListWidjetExtension.appex */;
			productType = "com.apple.product-type.app-extension";
		};
/* End PBXNativeTarget section */

/* Begin PBXProject section */
		04D0B2892BD4FAA000EA872D /* Project object */ = {
			isa = PBXProject;
			attributes = {
				BuildIndependentTargetsInParallel = 1;
				LastSwiftUpdateCheck = 1520;
				LastUpgradeCheck = 1500;
				TargetAttributes = {
					04D0B2902BD4FAA000EA872D = {
						CreatedOnToolsVersion = 15.0;
					};
					189523B02BF3F3D700579D82 = {
						CreatedOnToolsVersion = 15.2;
					};
				};
			};
			buildConfigurationList = 04D0B28C2BD4FAA000EA872D /* Build configuration list for PBXProject "MissingStuff" */;
			compatibilityVersion = "Xcode 14.0";
			developmentRegion = en;
			hasScannedForEncodings = 0;
			knownRegions = (
				en,
				Base,
				ar,
			);
			mainGroup = 04D0B2882BD4FAA000EA872D;
			packageReferences = (
			);
			productRefGroup = 04D0B2922BD4FAA000EA872D /* Products */;
			projectDirPath = "";
			projectRoot = "";
			targets = (
				04D0B2902BD4FAA000EA872D /* MissingStuff */,
				189523B02BF3F3D700579D82 /* ListWidjetExtension */,
			);
		};
/* End PBXProject section */

/* Begin PBXResourcesBuildPhase section */
		04D0B28F2BD4FAA000EA872D /* Resources */ = {
			isa = PBXResourcesBuildPhase;
			buildActionMask = 2147483647;
			files = (
				04D0B29C2BD4FAA100EA872D /* Preview Assets.xcassets in Resources */,
				29F6916B2BEB59B9008DBE5F /* Localizable.xcstrings in Resources */,
				18486B562BF1168900304E08 /* CheckA.wav in Resources */,
				18F61D3E2BF0C42700C52699 /* CheckE.wav in Resources */,
				04D0B2992BD4FAA100EA872D /* Assets.xcassets in Resources */,
			);
			runOnlyForDeploymentPostprocessing = 0;
		};
		189523AF2BF3F3D700579D82 /* Resources */ = {
			isa = PBXResourcesBuildPhase;
			buildActionMask = 2147483647;
			files = (
				189523CC2BF40B4800579D82 /* Localizable.xcstrings in Resources */,
				189523CE2BF40B4F00579D82 /* CheckE.wav in Resources */,
				189523CF2BF40B5200579D82 /* CheckA.wav in Resources */,
				189523BE2BF3F3D800579D82 /* Assets.xcassets in Resources */,
				04D8A75A2BF4BC430082F4CD /* Assets.xcassets in Resources */,
			);
			runOnlyForDeploymentPostprocessing = 0;
		};
/* End PBXResourcesBuildPhase section */

/* Begin PBXSourcesBuildPhase section */
		04D0B28D2BD4FAA000EA872D /* Sources */ = {
			isa = PBXSourcesBuildPhase;
			buildActionMask = 2147483647;
			files = (
				18B487472BDF78DD006598AD /* CheckList.swift in Sources */,
				04D1FF322BF4FBD2004E4C1D /* OnBoardingModel.swift in Sources */,
				18B487492BDF791A006598AD /* CreateList.swift in Sources */,
				04D1FF372BF4FCB7004E4C1D /* OnBoardingView.swift in Sources */,
				04D8A7592BF4B9B70082F4CD /* ContentView.swift in Sources */,
				180213982BEFFA91009CB2DE /* SoundViewModel.swift in Sources */,
				189523C72BF3F94D00579D82 /* widgetExaple.swift in Sources */,
				18326F662BED0AE700EB5C37 /* LocationTracker.swift in Sources */,
				29F691642BE78C19008DBE5F /* UpdateList.swift in Sources */,
				18B4874B2BDF7963006598AD /* ListModel.swift in Sources */,
				18326F622BED081200EB5C37 /* MapViewModel.swift in Sources */,
				04D0B2952BD4FAA000EA872D /* MissingStuffApp.swift in Sources */,
				18B487452BDF78B7006598AD /* MainPage.swift in Sources */,
				18326F642BED0AAD00EB5C37 /* LocationViewModel.swift in Sources */,
				04D1FF352BF4FC3C004E4C1D /* OnBoardingPage.swift in Sources */,
			);
			runOnlyForDeploymentPostprocessing = 0;
		};
		189523AD2BF3F3D700579D82 /* Sources */ = {
			isa = PBXSourcesBuildPhase;
			buildActionMask = 2147483647;
			files = (
				189523B62BF3F3D700579D82 /* ListWidjetBundle.swift in Sources */,
				189523D22BF40B6F00579D82 /* CheckList.swift in Sources */,
				189523D52BF40B7900579D82 /* UpdateList.swift in Sources */,
				189523D42BF40B7500579D82 /* CreateList.swift in Sources */,
				189523BC2BF3F3D700579D82 /* AppIntent.swift in Sources */,
				189523B82BF3F3D700579D82 /* ListWidjetLiveActivity.swift in Sources */,
				189523D02BF40B6400579D82 /* LocationViewModel.swift in Sources */,
				04D1FF332BF4FBE3004E4C1D /* OnBoardingModel.swift in Sources */,
				189523BA2BF3F3D700579D82 /* ListWidjet.swift in Sources */,
				189523C92BF40A0C00579D82 /* ListModel.swift in Sources */,
				189523D12BF40B6800579D82 /* MapViewModel.swift in Sources */,
				04D1FF382BF50DCF004E4C1D /* MainPage.swift in Sources */,
			);
			runOnlyForDeploymentPostprocessing = 0;
		};
/* End PBXSourcesBuildPhase section */

/* Begin PBXTargetDependency section */
		189523C12BF3F3D800579D82 /* PBXTargetDependency */ = {
			isa = PBXTargetDependency;
			target = 189523B02BF3F3D700579D82 /* ListWidjetExtension */;
			targetProxy = 189523C02BF3F3D800579D82 /* PBXContainerItemProxy */;
		};
/* End PBXTargetDependency section */

/* Begin XCBuildConfiguration section */
		04D0B29D2BD4FAA100EA872D /* Debug */ = {
			isa = XCBuildConfiguration;
			buildSettings = {
				ALWAYS_SEARCH_USER_PATHS = NO;
				ASSETCATALOG_COMPILER_GENERATE_SWIFT_ASSET_SYMBOL_EXTENSIONS = YES;
				CLANG_ANALYZER_NONNULL = YES;
				CLANG_ANALYZER_NUMBER_OBJECT_CONVERSION = YES_AGGRESSIVE;
				CLANG_CXX_LANGUAGE_STANDARD = "gnu++20";
				CLANG_ENABLE_MODULES = YES;
				CLANG_ENABLE_OBJC_ARC = YES;
				CLANG_ENABLE_OBJC_WEAK = YES;
				CLANG_WARN_BLOCK_CAPTURE_AUTORELEASING = YES;
				CLANG_WARN_BOOL_CONVERSION = YES;
				CLANG_WARN_COMMA = YES;
				CLANG_WARN_CONSTANT_CONVERSION = YES;
				CLANG_WARN_DEPRECATED_OBJC_IMPLEMENTATIONS = YES;
				CLANG_WARN_DIRECT_OBJC_ISA_USAGE = YES_ERROR;
				CLANG_WARN_DOCUMENTATION_COMMENTS = YES;
				CLANG_WARN_EMPTY_BODY = YES;
				CLANG_WARN_ENUM_CONVERSION = YES;
				CLANG_WARN_INFINITE_RECURSION = YES;
				CLANG_WARN_INT_CONVERSION = YES;
				CLANG_WARN_NON_LITERAL_NULL_CONVERSION = YES;
				CLANG_WARN_OBJC_IMPLICIT_RETAIN_SELF = YES;
				CLANG_WARN_OBJC_LITERAL_CONVERSION = YES;
				CLANG_WARN_OBJC_ROOT_CLASS = YES_ERROR;
				CLANG_WARN_QUOTED_INCLUDE_IN_FRAMEWORK_HEADER = YES;
				CLANG_WARN_RANGE_LOOP_ANALYSIS = YES;
				CLANG_WARN_STRICT_PROTOTYPES = YES;
				CLANG_WARN_SUSPICIOUS_MOVE = YES;
				CLANG_WARN_UNGUARDED_AVAILABILITY = YES_AGGRESSIVE;
				CLANG_WARN_UNREACHABLE_CODE = YES;
				CLANG_WARN__DUPLICATE_METHOD_MATCH = YES;
				COPY_PHASE_STRIP = NO;
				DEBUG_INFORMATION_FORMAT = dwarf;
				ENABLE_STRICT_OBJC_MSGSEND = YES;
				ENABLE_TESTABILITY = YES;
				ENABLE_USER_SCRIPT_SANDBOXING = YES;
				GCC_C_LANGUAGE_STANDARD = gnu17;
				GCC_DYNAMIC_NO_PIC = NO;
				GCC_NO_COMMON_BLOCKS = YES;
				GCC_OPTIMIZATION_LEVEL = 0;
				GCC_PREPROCESSOR_DEFINITIONS = (
					"DEBUG=1",
					"$(inherited)",
				);
				GCC_WARN_64_TO_32_BIT_CONVERSION = YES;
				GCC_WARN_ABOUT_RETURN_TYPE = YES_ERROR;
				GCC_WARN_UNDECLARED_SELECTOR = YES;
				GCC_WARN_UNINITIALIZED_AUTOS = YES_AGGRESSIVE;
				GCC_WARN_UNUSED_FUNCTION = YES;
				GCC_WARN_UNUSED_VARIABLE = YES;
				IPHONEOS_DEPLOYMENT_TARGET = 17.0;
				LOCALIZATION_PREFERS_STRING_CATALOGS = YES;
				MTL_ENABLE_DEBUG_INFO = INCLUDE_SOURCE;
				MTL_FAST_MATH = YES;
				ONLY_ACTIVE_ARCH = YES;
				SDKROOT = iphoneos;
				SWIFT_ACTIVE_COMPILATION_CONDITIONS = "DEBUG $(inherited)";
				SWIFT_OPTIMIZATION_LEVEL = "-Onone";
			};
			name = Debug;
		};
		04D0B29E2BD4FAA100EA872D /* Release */ = {
			isa = XCBuildConfiguration;
			buildSettings = {
				ALWAYS_SEARCH_USER_PATHS = NO;
				ASSETCATALOG_COMPILER_GENERATE_SWIFT_ASSET_SYMBOL_EXTENSIONS = YES;
				CLANG_ANALYZER_NONNULL = YES;
				CLANG_ANALYZER_NUMBER_OBJECT_CONVERSION = YES_AGGRESSIVE;
				CLANG_CXX_LANGUAGE_STANDARD = "gnu++20";
				CLANG_ENABLE_MODULES = YES;
				CLANG_ENABLE_OBJC_ARC = YES;
				CLANG_ENABLE_OBJC_WEAK = YES;
				CLANG_WARN_BLOCK_CAPTURE_AUTORELEASING = YES;
				CLANG_WARN_BOOL_CONVERSION = YES;
				CLANG_WARN_COMMA = YES;
				CLANG_WARN_CONSTANT_CONVERSION = YES;
				CLANG_WARN_DEPRECATED_OBJC_IMPLEMENTATIONS = YES;
				CLANG_WARN_DIRECT_OBJC_ISA_USAGE = YES_ERROR;
				CLANG_WARN_DOCUMENTATION_COMMENTS = YES;
				CLANG_WARN_EMPTY_BODY = YES;
				CLANG_WARN_ENUM_CONVERSION = YES;
				CLANG_WARN_INFINITE_RECURSION = YES;
				CLANG_WARN_INT_CONVERSION = YES;
				CLANG_WARN_NON_LITERAL_NULL_CONVERSION = YES;
				CLANG_WARN_OBJC_IMPLICIT_RETAIN_SELF = YES;
				CLANG_WARN_OBJC_LITERAL_CONVERSION = YES;
				CLANG_WARN_OBJC_ROOT_CLASS = YES_ERROR;
				CLANG_WARN_QUOTED_INCLUDE_IN_FRAMEWORK_HEADER = YES;
				CLANG_WARN_RANGE_LOOP_ANALYSIS = YES;
				CLANG_WARN_STRICT_PROTOTYPES = YES;
				CLANG_WARN_SUSPICIOUS_MOVE = YES;
				CLANG_WARN_UNGUARDED_AVAILABILITY = YES_AGGRESSIVE;
				CLANG_WARN_UNREACHABLE_CODE = YES;
				CLANG_WARN__DUPLICATE_METHOD_MATCH = YES;
				COPY_PHASE_STRIP = NO;
				DEBUG_INFORMATION_FORMAT = "dwarf-with-dsym";
				ENABLE_NS_ASSERTIONS = NO;
				ENABLE_STRICT_OBJC_MSGSEND = YES;
				ENABLE_USER_SCRIPT_SANDBOXING = YES;
				GCC_C_LANGUAGE_STANDARD = gnu17;
				GCC_NO_COMMON_BLOCKS = YES;
				GCC_WARN_64_TO_32_BIT_CONVERSION = YES;
				GCC_WARN_ABOUT_RETURN_TYPE = YES_ERROR;
				GCC_WARN_UNDECLARED_SELECTOR = YES;
				GCC_WARN_UNINITIALIZED_AUTOS = YES_AGGRESSIVE;
				GCC_WARN_UNUSED_FUNCTION = YES;
				GCC_WARN_UNUSED_VARIABLE = YES;
				IPHONEOS_DEPLOYMENT_TARGET = 17.0;
				LOCALIZATION_PREFERS_STRING_CATALOGS = YES;
				MTL_ENABLE_DEBUG_INFO = NO;
				MTL_FAST_MATH = YES;
				SDKROOT = iphoneos;
				SWIFT_COMPILATION_MODE = wholemodule;
				VALIDATE_PRODUCT = YES;
			};
			name = Release;
		};
		04D0B2A02BD4FAA100EA872D /* Debug */ = {
			isa = XCBuildConfiguration;
			buildSettings = {
				ALWAYS_EMBED_SWIFT_STANDARD_LIBRARIES = YES;
				ASSETCATALOG_COMPILER_APPICON_NAME = AppIcon;
				ASSETCATALOG_COMPILER_GLOBAL_ACCENT_COLOR_NAME = AccentColor;
				CODE_SIGN_ENTITLEMENTS = MissingStuff/MissingStuff.entitlements;
				CODE_SIGN_STYLE = Automatic;
				CURRENT_PROJECT_VERSION = 1;
				DEVELOPMENT_ASSET_PATHS = "\"MissingStuff/Preview Content\"";
				DEVELOPMENT_TEAM = 4RJGH6DGFS;
				ENABLE_PREVIEWS = YES;
				GENERATE_INFOPLIST_FILE = YES;
				INFOPLIST_FILE = MissingStuff/Info.plist;
				INFOPLIST_KEY_CFBundleDisplayName = "";
				INFOPLIST_KEY_LSApplicationCategoryType = "";
				INFOPLIST_KEY_NSLocationAlwaysAndWhenInUseUsageDescription = "we need use your location to send reminder notification";
				INFOPLIST_KEY_NSLocationAlwaysUsageDescription = "we need use your location to send reminder notification";
				INFOPLIST_KEY_NSLocationWhenInUseUsageDescription = "we need use your location to send reminder notification";
				INFOPLIST_KEY_UIApplicationSceneManifest_Generation = YES;
				INFOPLIST_KEY_UIApplicationSupportsIndirectInputEvents = YES;
				INFOPLIST_KEY_UILaunchScreen_Generation = YES;
				INFOPLIST_KEY_UISupportedInterfaceOrientations_iPad = "UIInterfaceOrientationPortrait UIInterfaceOrientationPortraitUpsideDown UIInterfaceOrientationLandscapeLeft UIInterfaceOrientationLandscapeRight";
				INFOPLIST_KEY_UISupportedInterfaceOrientations_iPhone = "UIInterfaceOrientationPortrait UIInterfaceOrientationLandscapeLeft UIInterfaceOrientationLandscapeRight";
				LD_RUNPATH_SEARCH_PATHS = (
					"$(inherited)",
					"@executable_path/Frameworks",
				);
				MARKETING_VERSION = 1.0;
				PRODUCT_BUNDLE_IDENTIFIER = w.MissingStuff;
				PRODUCT_NAME = "$(TARGET_NAME)";
				SWIFT_EMIT_LOC_STRINGS = YES;
				SWIFT_VERSION = 5.0;
				TARGETED_DEVICE_FAMILY = "1,2";
			};
			name = Debug;
		};
		04D0B2A12BD4FAA100EA872D /* Release */ = {
			isa = XCBuildConfiguration;
			buildSettings = {
				ALWAYS_EMBED_SWIFT_STANDARD_LIBRARIES = YES;
				ASSETCATALOG_COMPILER_APPICON_NAME = AppIcon;
				ASSETCATALOG_COMPILER_GLOBAL_ACCENT_COLOR_NAME = AccentColor;
				CODE_SIGN_ENTITLEMENTS = MissingStuff/MissingStuff.entitlements;
				CODE_SIGN_STYLE = Automatic;
				CURRENT_PROJECT_VERSION = 1;
				DEVELOPMENT_ASSET_PATHS = "\"MissingStuff/Preview Content\"";
				DEVELOPMENT_TEAM = 4RJGH6DGFS;
				ENABLE_PREVIEWS = YES;
				GENERATE_INFOPLIST_FILE = YES;
				INFOPLIST_FILE = MissingStuff/Info.plist;
				INFOPLIST_KEY_CFBundleDisplayName = "";
				INFOPLIST_KEY_LSApplicationCategoryType = "";
				INFOPLIST_KEY_NSLocationAlwaysAndWhenInUseUsageDescription = "we need use your location to send reminder notification";
				INFOPLIST_KEY_NSLocationAlwaysUsageDescription = "we need use your location to send reminder notification";
				INFOPLIST_KEY_NSLocationWhenInUseUsageDescription = "we need use your location to send reminder notification";
				INFOPLIST_KEY_UIApplicationSceneManifest_Generation = YES;
				INFOPLIST_KEY_UIApplicationSupportsIndirectInputEvents = YES;
				INFOPLIST_KEY_UILaunchScreen_Generation = YES;
				INFOPLIST_KEY_UISupportedInterfaceOrientations_iPad = "UIInterfaceOrientationPortrait UIInterfaceOrientationPortraitUpsideDown UIInterfaceOrientationLandscapeLeft UIInterfaceOrientationLandscapeRight";
				INFOPLIST_KEY_UISupportedInterfaceOrientations_iPhone = "UIInterfaceOrientationPortrait UIInterfaceOrientationLandscapeLeft UIInterfaceOrientationLandscapeRight";
				LD_RUNPATH_SEARCH_PATHS = (
					"$(inherited)",
					"@executable_path/Frameworks",
				);
				MARKETING_VERSION = 1.0;
				PRODUCT_BUNDLE_IDENTIFIER = w.MissingStuff;
				PRODUCT_NAME = "$(TARGET_NAME)";
				SWIFT_EMIT_LOC_STRINGS = YES;
				SWIFT_VERSION = 5.0;
				TARGETED_DEVICE_FAMILY = "1,2";
			};
			name = Release;
		};
		189523C42BF3F3D800579D82 /* Debug */ = {
			isa = XCBuildConfiguration;
			buildSettings = {
				ASSETCATALOG_COMPILER_GLOBAL_ACCENT_COLOR_NAME = AccentColor;
				ASSETCATALOG_COMPILER_WIDGET_BACKGROUND_COLOR_NAME = WidgetBackground;
				CODE_SIGN_ENTITLEMENTS = ListWidjetExtension.entitlements;
				CODE_SIGN_STYLE = Automatic;
				CURRENT_PROJECT_VERSION = 1;
				DEVELOPMENT_TEAM = 4RJGH6DGFS;
				GENERATE_INFOPLIST_FILE = YES;
				INFOPLIST_FILE = ListWidjet/Info.plist;
				INFOPLIST_KEY_CFBundleDisplayName = ListWidjet;
				INFOPLIST_KEY_NSHumanReadableCopyright = "";
				INFOPLIST_KEY_NSLocationAlwaysAndWhenInUseUsageDescription = "we need use your location to send reminder notification";
				INFOPLIST_KEY_NSLocationAlwaysUsageDescription = "we need use your location to send reminder notification";
				INFOPLIST_KEY_NSLocationWhenInUseUsageDescription = "we need use your location to send reminder notification";
				IPHONEOS_DEPLOYMENT_TARGET = 17.2;
				LD_RUNPATH_SEARCH_PATHS = (
					"$(inherited)",
					"@executable_path/Frameworks",
					"@executable_path/../../Frameworks",
				);
				MARKETING_VERSION = 1.0;
				PRODUCT_BUNDLE_IDENTIFIER = w.MissingStuff.ListWidjet;
				PRODUCT_NAME = "$(TARGET_NAME)";
				SKIP_INSTALL = YES;
				SWIFT_EMIT_LOC_STRINGS = YES;
				SWIFT_VERSION = 5.0;
				TARGETED_DEVICE_FAMILY = "1,2";
			};
			name = Debug;
		};
		189523C52BF3F3D800579D82 /* Release */ = {
			isa = XCBuildConfiguration;
			buildSettings = {
				ASSETCATALOG_COMPILER_GLOBAL_ACCENT_COLOR_NAME = AccentColor;
				ASSETCATALOG_COMPILER_WIDGET_BACKGROUND_COLOR_NAME = WidgetBackground;
				CODE_SIGN_ENTITLEMENTS = ListWidjetExtension.entitlements;
				CODE_SIGN_STYLE = Automatic;
				CURRENT_PROJECT_VERSION = 1;
				DEVELOPMENT_TEAM = 4RJGH6DGFS;
				GENERATE_INFOPLIST_FILE = YES;
				INFOPLIST_FILE = ListWidjet/Info.plist;
				INFOPLIST_KEY_CFBundleDisplayName = ListWidjet;
				INFOPLIST_KEY_NSHumanReadableCopyright = "";
				INFOPLIST_KEY_NSLocationAlwaysAndWhenInUseUsageDescription = "we need use your location to send reminder notification";
				INFOPLIST_KEY_NSLocationAlwaysUsageDescription = "we need use your location to send reminder notification";
				INFOPLIST_KEY_NSLocationWhenInUseUsageDescription = "we need use your location to send reminder notification";
				IPHONEOS_DEPLOYMENT_TARGET = 17.2;
				LD_RUNPATH_SEARCH_PATHS = (
					"$(inherited)",
					"@executable_path/Frameworks",
					"@executable_path/../../Frameworks",
				);
				MARKETING_VERSION = 1.0;
				PRODUCT_BUNDLE_IDENTIFIER = w.MissingStuff.ListWidjet;
				PRODUCT_NAME = "$(TARGET_NAME)";
				SKIP_INSTALL = YES;
				SWIFT_EMIT_LOC_STRINGS = YES;
				SWIFT_VERSION = 5.0;
				TARGETED_DEVICE_FAMILY = "1,2";
			};
			name = Release;
		};
/* End XCBuildConfiguration section */

/* Begin XCConfigurationList section */
		04D0B28C2BD4FAA000EA872D /* Build configuration list for PBXProject "MissingStuff" */ = {
			isa = XCConfigurationList;
			buildConfigurations = (
				04D0B29D2BD4FAA100EA872D /* Debug */,
				04D0B29E2BD4FAA100EA872D /* Release */,
			);
			defaultConfigurationIsVisible = 0;
			defaultConfigurationName = Release;
		};
		04D0B29F2BD4FAA100EA872D /* Build configuration list for PBXNativeTarget "MissingStuff" */ = {
			isa = XCConfigurationList;
			buildConfigurations = (
				04D0B2A02BD4FAA100EA872D /* Debug */,
				04D0B2A12BD4FAA100EA872D /* Release */,
			);
			defaultConfigurationIsVisible = 0;
			defaultConfigurationName = Release;
		};
		189523C32BF3F3D800579D82 /* Build configuration list for PBXNativeTarget "ListWidjetExtension" */ = {
			isa = XCConfigurationList;
			buildConfigurations = (
				189523C42BF3F3D800579D82 /* Debug */,
				189523C52BF3F3D800579D82 /* Release */,
			);
			defaultConfigurationIsVisible = 0;
			defaultConfigurationName = Release;
		};
/* End XCConfigurationList section */
	};
	rootObject = 04D0B2892BD4FAA000EA872D /* Project object */;
}
